
Microsoft Visual Studio Solution File, Format Version 12.00
# Visual Studio 15
VisualStudioVersion = 15.0.26124.0
MinimumVisualStudioVersion = 15.0.26124.0
Project("{2150E333-8FDC-42A3-9474-1A3956D46DE8}") = "src", "src", "{B3E28E05-3B57-4280-BD3B-FAE16147589F}"
EndProject
Project("{FAE04EC0-301F-11D3-BF4B-00C04F79EFBC}") = "RubiksCube.Core", "src\RubiksCube.Core\RubiksCube.Core.csproj", "{BA94F73A-D92D-4CCD-B181-E8B8DA33EFE5}"
EndProject
Global
	GlobalSection(SolutionConfigurationPlatforms) = preSolution
		Debug|Any CPU = Debug|Any CPU
		Debug|x64 = Debug|x64
		Debug|x86 = Debug|x86
		Release|Any CPU = Release|Any CPU
		Release|x64 = Release|x64
		Release|x86 = Release|x86
	EndGlobalSection
	GlobalSection(SolutionProperties) = preSolution
		HideSolutionNode = FALSE
	EndGlobalSection
	GlobalSection(ProjectConfigurationPlatforms) = postSolution
		{BA94F73A-D92D-4CCD-B181-E8B8DA33EFE5}.Debug|Any CPU.ActiveCfg = Debug|Any CPU
		{BA94F73A-D92D-4CCD-B181-E8B8DA33EFE5}.Debug|Any CPU.Build.0 = Debug|Any CPU
		{BA94F73A-D92D-4CCD-B181-E8B8DA33EFE5}.Debug|x64.ActiveCfg = Debug|Any CPU
		{BA94F73A-D92D-4CCD-B181-E8B8DA33EFE5}.Debug|x64.Build.0 = Debug|Any CPU
		{BA94F73A-D92D-4CCD-B181-E8B8DA33EFE5}.Debug|x86.ActiveCfg = Debug|Any CPU
		{BA94F73A-D92D-4CCD-B181-E8B8DA33EFE5}.Debug|x86.Build.0 = Debug|Any CPU
		{BA94F73A-D92D-4CCD-B181-E8B8DA33EFE5}.Release|Any CPU.ActiveCfg = Release|Any CPU
		{BA94F73A-D92D-4CCD-B181-E8B8DA33EFE5}.Release|Any CPU.Build.0 = Release|Any CPU
		{BA94F73A-D92D-4CCD-B181-E8B8DA33EFE5}.Release|x64.ActiveCfg = Release|Any CPU
		{BA94F73A-D92D-4CCD-B181-E8B8DA33EFE5}.Release|x64.Build.0 = Release|Any CPU
		{BA94F73A-D92D-4CCD-B181-E8B8DA33EFE5}.Release|x86.ActiveCfg = Release|Any CPU
		{BA94F73A-D92D-4CCD-B181-E8B8DA33EFE5}.Release|x86.Build.0 = Release|Any CPU
	EndGlobalSection
	GlobalSection(NestedProjects) = preSolution
		{BA94F73A-D92D-4CCD-B181-E8B8DA33EFE5} = {B3E28E05-3B57-4280-BD3B-FAE16147589F}
	EndGlobalSection
EndGlobal
